# This file is automatically @generated by PDM.
# It is not intended for manual editing.

package = []
metadata = {
    "groups": {
        "default": {
            "dependencies": [
                "rich>=13.7.0",
                "pydantic>=2.5.3",
                "click>=8.0.0"
            ]
        },
        "dev": {
            "dependencies": [
                "pytest>=7.0.0",
                "pytest-asyncio>=0.21.0",
                "pytest-cov>=4.0.0",
                "black>=23.0.0",
                "ruff>=0.1.0",
                "mypy>=1.0.0"
            ]
        }
    }
} 