# This file is automatically @generated by Poetry 1.8.3 and should not be changed by hand.
package = []

[extras]
api = []
console = []
database = []
file = []
logging = []

[metadata]
lock-version = "2.0"
python-versions = "^3.10"
content-hash = "b61b8adb5bf680a1e6798159b7573f7a7c3bb24ba0ebb049c82e1427506d17ba"
